// !$*UTF8*$!
{
	archiveVersion = 1;
	classes = {
	};
	objectVersion = 50;
	objects = {

/* Begin PBXBuildFile section */
		458F8FDC277A55EE0097D8AC /* FeedPresenter.swift in Sources */ = {isa = PBXBuildFile; fileRef = 458F8FD6277A55EE0097D8AC /* FeedPresenter.swift */; };
		458F8FDD277A55EE0097D8AC /* FeedRouter.swift in Sources */ = {isa = PBXBuildFile; fileRef = 458F8FD7277A55EE0097D8AC /* FeedRouter.swift */; };
		458F8FDE277A55EE0097D8AC /* FeedViewController.swift in Sources */ = {isa = PBXBuildFile; fileRef = 458F8FD8277A55EE0097D8AC /* FeedViewController.swift */; };
		458F8FDF277A55EE0097D8AC /* FeedProtocols.swift in Sources */ = {isa = PBXBuildFile; fileRef = 458F8FD9277A55EE0097D8AC /* FeedProtocols.swift */; };
		458F8FE0277A55EE0097D8AC /* FeedInteractor.swift in Sources */ = {isa = PBXBuildFile; fileRef = 458F8FDA277A55EE0097D8AC /* FeedInteractor.swift */; };
		458F8FE1277A55EE0097D8AC /* FeedContainer.swift in Sources */ = {isa = PBXBuildFile; fileRef = 458F8FDB277A55EE0097D8AC /* FeedContainer.swift */; };
		45F9DC02277B0BCD00E3C47E /* UIView.swift in Sources */ = {isa = PBXBuildFile; fileRef = 45F9DC01277B0BCD00E3C47E /* UIView.swift */; };
		45F9DC05277B0C6600E3C47E /* ReuseIdentifiable.swift in Sources */ = {isa = PBXBuildFile; fileRef = 45F9DC04277B0C6600E3C47E /* ReuseIdentifiable.swift */; };
		45F9DC08277B172D00E3C47E /* FeedViewCell.swift in Sources */ = {isa = PBXBuildFile; fileRef = 45F9DC07277B172D00E3C47E /* FeedViewCell.swift */; };
		45F9DC0A277B17E100E3C47E /* FeedCardView.swift in Sources */ = {isa = PBXBuildFile; fileRef = 45F9DC09277B17E100E3C47E /* FeedCardView.swift */; };
		45F9DC0C277B185F00E3C47E /* Font.swift in Sources */ = {isa = PBXBuildFile; fileRef = 45F9DC0B277B185F00E3C47E /* Font.swift */; };
		45F9DC0F277B189900E3C47E /* FeedCardViewModel.swift in Sources */ = {isa = PBXBuildFile; fileRef = 45F9DC0E277B189900E3C47E /* FeedCardViewModel.swift */; };
		45F9DC11277B18BD00E3C47E /* UIColor.swift in Sources */ = {isa = PBXBuildFile; fileRef = 45F9DC10277B18BD00E3C47E /* UIColor.swift */; };
		45F9DC13277B311300E3C47E /* AppCoordinator.swift in Sources */ = {isa = PBXBuildFile; fileRef = 45F9DC12277B311300E3C47E /* AppCoordinator.swift */; };
		45F9DC15277B403800E3C47E /* Localization.swift in Sources */ = {isa = PBXBuildFile; fileRef = 45F9DC14277B403800E3C47E /* Localization.swift */; };
		45F9DC19277B544B00E3C47E /* NetworkService.swift in Sources */ = {isa = PBXBuildFile; fileRef = 45F9DC18277B544B00E3C47E /* NetworkService.swift */; };
		45F9DC1B277B547E00E3C47E /* URLFactory.swift in Sources */ = {isa = PBXBuildFile; fileRef = 45F9DC1A277B547E00E3C47E /* URLFactory.swift */; };
		45F9DC1D277B550200E3C47E /* ArticlesServiceProtocol.swift in Sources */ = {isa = PBXBuildFile; fileRef = 45F9DC1C277B550200E3C47E /* ArticlesServiceProtocol.swift */; };
		45F9DC1F277B553C00E3C47E /* NetworkService+Articles.swift in Sources */ = {isa = PBXBuildFile; fileRef = 45F9DC1E277B553C00E3C47E /* NetworkService+Articles.swift */; };
		45F9DC21277B562C00E3C47E /* AppDependency.swift in Sources */ = {isa = PBXBuildFile; fileRef = 45F9DC20277B562C00E3C47E /* AppDependency.swift */; };
		45F9DC23277B568B00E3C47E /* Styles.swift in Sources */ = {isa = PBXBuildFile; fileRef = 45F9DC22277B568B00E3C47E /* Styles.swift */; };
		45F9DC25277B56DA00E3C47E /* UIImageView+URL.swift in Sources */ = {isa = PBXBuildFile; fileRef = 45F9DC24277B56DA00E3C47E /* UIImageView+URL.swift */; };
		A565450C216D35BE000A191A /* AppDelegate.swift in Sources */ = {isa = PBXBuildFile; fileRef = A565450B216D35BE000A191A /* AppDelegate.swift */; };
		A5654513216D35BE000A191A /* Assets.xcassets in Resources */ = {isa = PBXBuildFile; fileRef = A5654512216D35BE000A191A /* Assets.xcassets */; };
		A5654516216D35BE000A191A /* LaunchScreen.storyboard in Resources */ = {isa = PBXBuildFile; fileRef = A5654514216D35BE000A191A /* LaunchScreen.storyboard */; };
/* End PBXBuildFile section */

/* Begin PBXFileReference section */
		458F8FD6277A55EE0097D8AC /* FeedPresenter.swift */ = {isa = PBXFileReference; lastKnownFileType = sourcecode.swift; path = FeedPresenter.swift; sourceTree = "<group>"; };
		458F8FD7277A55EE0097D8AC /* FeedRouter.swift */ = {isa = PBXFileReference; lastKnownFileType = sourcecode.swift; path = FeedRouter.swift; sourceTree = "<group>"; };
		458F8FD8277A55EE0097D8AC /* FeedViewController.swift */ = {isa = PBXFileReference; lastKnownFileType = sourcecode.swift; path = FeedViewController.swift; sourceTree = "<group>"; };
		458F8FD9277A55EE0097D8AC /* FeedProtocols.swift */ = {isa = PBXFileReference; lastKnownFileType = sourcecode.swift; path = FeedProtocols.swift; sourceTree = "<group>"; };
		458F8FDA277A55EE0097D8AC /* FeedInteractor.swift */ = {isa = PBXFileReference; lastKnownFileType = sourcecode.swift; path = FeedInteractor.swift; sourceTree = "<group>"; };
		458F8FDB277A55EE0097D8AC /* FeedContainer.swift */ = {isa = PBXFileReference; lastKnownFileType = sourcecode.swift; path = FeedContainer.swift; sourceTree = "<group>"; };
		45F9DC01277B0BCD00E3C47E /* UIView.swift */ = {isa = PBXFileReference; lastKnownFileType = sourcecode.swift; path = UIView.swift; sourceTree = "<group>"; };
		45F9DC04277B0C6600E3C47E /* ReuseIdentifiable.swift */ = {isa = PBXFileReference; lastKnownFileType = sourcecode.swift; path = ReuseIdentifiable.swift; sourceTree = "<group>"; };
		45F9DC07277B172D00E3C47E /* FeedViewCell.swift */ = {isa = PBXFileReference; lastKnownFileType = sourcecode.swift; path = FeedViewCell.swift; sourceTree = "<group>"; };
		45F9DC09277B17E100E3C47E /* FeedCardView.swift */ = {isa = PBXFileReference; lastKnownFileType = sourcecode.swift; path = FeedCardView.swift; sourceTree = "<group>"; };
		45F9DC0B277B185F00E3C47E /* Font.swift */ = {isa = PBXFileReference; lastKnownFileType = sourcecode.swift; path = Font.swift; sourceTree = "<group>"; };
		45F9DC0E277B189900E3C47E /* FeedCardViewModel.swift */ = {isa = PBXFileReference; lastKnownFileType = sourcecode.swift; path = FeedCardViewModel.swift; sourceTree = "<group>"; };
		45F9DC10277B18BD00E3C47E /* UIColor.swift */ = {isa = PBXFileReference; lastKnownFileType = sourcecode.swift; path = UIColor.swift; sourceTree = "<group>"; };
		45F9DC12277B311300E3C47E /* AppCoordinator.swift */ = {isa = PBXFileReference; lastKnownFileType = sourcecode.swift; path = AppCoordinator.swift; sourceTree = "<group>"; };
		45F9DC14277B403800E3C47E /* Localization.swift */ = {isa = PBXFileReference; lastKnownFileType = sourcecode.swift; path = Localization.swift; sourceTree = "<group>"; };
		45F9DC18277B544B00E3C47E /* NetworkService.swift */ = {isa = PBXFileReference; lastKnownFileType = sourcecode.swift; path = NetworkService.swift; sourceTree = "<group>"; };
		45F9DC1A277B547E00E3C47E /* URLFactory.swift */ = {isa = PBXFileReference; lastKnownFileType = sourcecode.swift; path = URLFactory.swift; sourceTree = "<group>"; };
		45F9DC1C277B550200E3C47E /* ArticlesServiceProtocol.swift */ = {isa = PBXFileReference; lastKnownFileType = sourcecode.swift; path = ArticlesServiceProtocol.swift; sourceTree = "<group>"; };
		45F9DC1E277B553C00E3C47E /* NetworkService+Articles.swift */ = {isa = PBXFileReference; lastKnownFileType = sourcecode.swift; path = "NetworkService+Articles.swift"; sourceTree = "<group>"; };
		45F9DC20277B562C00E3C47E /* AppDependency.swift */ = {isa = PBXFileReference; lastKnownFileType = sourcecode.swift; path = AppDependency.swift; sourceTree = "<group>"; };
		45F9DC22277B568B00E3C47E /* Styles.swift */ = {isa = PBXFileReference; lastKnownFileType = sourcecode.swift; path = Styles.swift; sourceTree = "<group>"; };
		45F9DC24277B56DA00E3C47E /* UIImageView+URL.swift */ = {isa = PBXFileReference; lastKnownFileType = sourcecode.swift; path = "UIImageView+URL.swift"; sourceTree = "<group>"; };
		A5654508216D35BE000A191A /* FeedApp.app */ = {isa = PBXFileReference; explicitFileType = wrapper.application; includeInIndex = 0; path = FeedApp.app; sourceTree = BUILT_PRODUCTS_DIR; };
		A565450B216D35BE000A191A /* AppDelegate.swift */ = {isa = PBXFileReference; lastKnownFileType = sourcecode.swift; path = AppDelegate.swift; sourceTree = "<group>"; };
		A5654512216D35BE000A191A /* Assets.xcassets */ = {isa = PBXFileReference; lastKnownFileType = folder.assetcatalog; path = Assets.xcassets; sourceTree = "<group>"; };
		A5654515216D35BE000A191A /* Base */ = {isa = PBXFileReference; lastKnownFileType = file.storyboard; name = Base; path = Base.lproj/LaunchScreen.storyboard; sourceTree = "<group>"; };
		A5654517216D35BE000A191A /* Info.plist */ = {isa = PBXFileReference; lastKnownFileType = text.plist.xml; path = Info.plist; sourceTree = "<group>"; };
/* End PBXFileReference section */

/* Begin PBXFrameworksBuildPhase section */
		A5654505216D35BE000A191A /* Frameworks */ = {
			isa = PBXFrameworksBuildPhase;
			buildActionMask = 2147483647;
			files = (
			);
			runOnlyForDeploymentPostprocessing = 0;
		};
/* End PBXFrameworksBuildPhase section */

/* Begin PBXGroup section */
		458F8FD4277A55BB0097D8AC /* Modules */ = {
			isa = PBXGroup;
			children = (
				458F8FD5277A55CD0097D8AC /* Feed */,
			);
			path = Modules;
			sourceTree = "<group>";
		};
		458F8FD5277A55CD0097D8AC /* Feed */ = {
			isa = PBXGroup;
			children = (
				45F9DC0D277B188D00E3C47E /* ViewModel */,
				45F9DC06277B170B00E3C47E /* Views */,
				458F8FD6277A55EE0097D8AC /* FeedPresenter.swift */,
				458F8FD7277A55EE0097D8AC /* FeedRouter.swift */,
				458F8FD8277A55EE0097D8AC /* FeedViewController.swift */,
				458F8FD9277A55EE0097D8AC /* FeedProtocols.swift */,
				458F8FDA277A55EE0097D8AC /* FeedInteractor.swift */,
				458F8FDB277A55EE0097D8AC /* FeedContainer.swift */,
			);
			path = Feed;
			sourceTree = "<group>";
		};
		458F8FE2277A57490097D8AC /* Default */ = {
			isa = PBXGroup;
			children = (
				A565450B216D35BE000A191A /* AppDelegate.swift */,
				A5654512216D35BE000A191A /* Assets.xcassets */,
				A5654514216D35BE000A191A /* LaunchScreen.storyboard */,
			);
			path = Default;
			sourceTree = "<group>";
		};
		45F9DC00277B0B9C00E3C47E /* Extensions */ = {
			isa = PBXGroup;
			children = (
				45F9DC01277B0BCD00E3C47E /* UIView.swift */,
				45F9DC10277B18BD00E3C47E /* UIColor.swift */,
				45F9DC24277B56DA00E3C47E /* UIImageView+URL.swift */,
			);
			path = Extensions;
			sourceTree = "<group>";
		};
		45F9DC03277B0C1B00E3C47E /* Helpers */ = {
			isa = PBXGroup;
			children = (
				45F9DC12277B311300E3C47E /* AppCoordinator.swift */,
				45F9DC20277B562C00E3C47E /* AppDependency.swift */,
				45F9DC04277B0C6600E3C47E /* ReuseIdentifiable.swift */,
				45F9DC0B277B185F00E3C47E /* Font.swift */,
				45F9DC14277B403800E3C47E /* Localization.swift */,
				45F9DC22277B568B00E3C47E /* Styles.swift */,
			);
			path = Helpers;
			sourceTree = "<group>";
		};
		45F9DC06277B170B00E3C47E /* Views */ = {
			isa = PBXGroup;
			children = (
				45F9DC07277B172D00E3C47E /* FeedViewCell.swift */,
				45F9DC09277B17E100E3C47E /* FeedCardView.swift */,
			);
			path = Views;
			sourceTree = "<group>";
		};
		45F9DC0D277B188D00E3C47E /* ViewModel */ = {
			isa = PBXGroup;
			children = (
				45F9DC0E277B189900E3C47E /* FeedCardViewModel.swift */,
			);
			path = ViewModel;
			sourceTree = "<group>";
		};
		45F9DC16277B46E600E3C47E /* Services */ = {
			isa = PBXGroup;
			children = (
				45F9DC17277B46EF00E3C47E /* Network */,
			);
			path = Services;
			sourceTree = "<group>";
		};
		45F9DC17277B46EF00E3C47E /* Network */ = {
			isa = PBXGroup;
			children = (
				45F9DC18277B544B00E3C47E /* NetworkService.swift */,
				45F9DC1A277B547E00E3C47E /* URLFactory.swift */,
				45F9DC1C277B550200E3C47E /* ArticlesServiceProtocol.swift */,
				45F9DC1E277B553C00E3C47E /* NetworkService+Articles.swift */,
			);
			path = Network;
			sourceTree = "<group>";
		};
		A56544FF216D35BE000A191A = {
			isa = PBXGroup;
			children = (
				A565450A216D35BE000A191A /* FeedApp */,
				A5654509216D35BE000A191A /* Products */,
			);
			sourceTree = "<group>";
		};
		A5654509216D35BE000A191A /* Products */ = {
			isa = PBXGroup;
			children = (
				A5654508216D35BE000A191A /* FeedApp.app */,
			);
			name = Products;
			sourceTree = "<group>";
		};
		A565450A216D35BE000A191A /* FeedApp */ = {
			isa = PBXGroup;
			children = (
				45F9DC16277B46E600E3C47E /* Services */,
				45F9DC03277B0C1B00E3C47E /* Helpers */,
				45F9DC00277B0B9C00E3C47E /* Extensions */,
				458F8FE2277A57490097D8AC /* Default */,
				458F8FD4277A55BB0097D8AC /* Modules */,
				A5654517216D35BE000A191A /* Info.plist */,
			);
			path = FeedApp;
			sourceTree = "<group>";
		};
/* End PBXGroup section */

/* Begin PBXNativeTarget section */
		A5654507216D35BE000A191A /* FeedApp */ = {
			isa = PBXNativeTarget;
			buildConfigurationList = A565451A216D35BE000A191A /* Build configuration list for PBXNativeTarget "FeedApp" */;
			buildPhases = (
				A5654504216D35BE000A191A /* Sources */,
				A5654505216D35BE000A191A /* Frameworks */,
				A5654506216D35BE000A191A /* Resources */,
			);
			buildRules = (
			);
			dependencies = (
			);
			name = FeedApp;
			productName = HitList;
			productReference = A5654508216D35BE000A191A /* FeedApp.app */;
			productType = "com.apple.product-type.application";
		};
/* End PBXNativeTarget section */

/* Begin PBXProject section */
		A5654500216D35BE000A191A /* Project object */ = {
			isa = PBXProject;
			attributes = {
				LastSwiftUpdateCheck = 1000;
				LastUpgradeCheck = 1300;
				ORGANIZATIONNAME = "";
				TargetAttributes = {
					A5654507216D35BE000A191A = {
						CreatedOnToolsVersion = 10.0;
						LastSwiftMigration = 1300;
					};
				};
			};
			buildConfigurationList = A5654503216D35BE000A191A /* Build configuration list for PBXProject "FeedApp" */;
			compatibilityVersion = "Xcode 9.3";
			developmentRegion = en;
			hasScannedForEncodings = 0;
			knownRegions = (
				en,
				Base,
			);
			mainGroup = A56544FF216D35BE000A191A;
			productRefGroup = A5654509216D35BE000A191A /* Products */;
			projectDirPath = "";
			projectRoot = "";
			targets = (
				A5654507216D35BE000A191A /* FeedApp */,
			);
		};
/* End PBXProject section */

/* Begin PBXResourcesBuildPhase section */
		A5654506216D35BE000A191A /* Resources */ = {
			isa = PBXResourcesBuildPhase;
			buildActionMask = 2147483647;
			files = (
				A5654516216D35BE000A191A /* LaunchScreen.storyboard in Resources */,
				A5654513216D35BE000A191A /* Assets.xcassets in Resources */,
			);
			runOnlyForDeploymentPostprocessing = 0;
		};
/* End PBXResourcesBuildPhase section */

/* Begin PBXSourcesBuildPhase section */
		A5654504216D35BE000A191A /* Sources */ = {
			isa = PBXSourcesBuildPhase;
			buildActionMask = 2147483647;
			files = (
				45F9DC02277B0BCD00E3C47E /* UIView.swift in Sources */,
				45F9DC11277B18BD00E3C47E /* UIColor.swift in Sources */,
				458F8FDD277A55EE0097D8AC /* FeedRouter.swift in Sources */,
				45F9DC08277B172D00E3C47E /* FeedViewCell.swift in Sources */,
				458F8FDE277A55EE0097D8AC /* FeedViewController.swift in Sources */,
				45F9DC19277B544B00E3C47E /* NetworkService.swift in Sources */,
				45F9DC21277B562C00E3C47E /* AppDependency.swift in Sources */,
				45F9DC25277B56DA00E3C47E /* UIImageView+URL.swift in Sources */,
				458F8FE0277A55EE0097D8AC /* FeedInteractor.swift in Sources */,
				45F9DC15277B403800E3C47E /* Localization.swift in Sources */,
				45F9DC05277B0C6600E3C47E /* ReuseIdentifiable.swift in Sources */,
				45F9DC1F277B553C00E3C47E /* NetworkService+Articles.swift in Sources */,
				45F9DC23277B568B00E3C47E /* Styles.swift in Sources */,
				458F8FDF277A55EE0097D8AC /* FeedProtocols.swift in Sources */,
				458F8FE1277A55EE0097D8AC /* FeedContainer.swift in Sources */,
				45F9DC0F277B189900E3C47E /* FeedCardViewModel.swift in Sources */,
				45F9DC1D277B550200E3C47E /* ArticlesServiceProtocol.swift in Sources */,
				45F9DC0C277B185F00E3C47E /* Font.swift in Sources */,
				458F8FDC277A55EE0097D8AC /* FeedPresenter.swift in Sources */,
				45F9DC1B277B547E00E3C47E /* URLFactory.swift in Sources */,
				45F9DC13277B311300E3C47E /* AppCoordinator.swift in Sources */,
				A565450C216D35BE000A191A /* AppDelegate.swift in Sources */,
				45F9DC0A277B17E100E3C47E /* FeedCardView.swift in Sources */,
			);
			runOnlyForDeploymentPostprocessing = 0;
		};
/* End PBXSourcesBuildPhase section */

/* Begin PBXVariantGroup section */
		A5654514216D35BE000A191A /* LaunchScreen.storyboard */ = {
			isa = PBXVariantGroup;
			children = (
				A5654515216D35BE000A191A /* Base */,
			);
			name = LaunchScreen.storyboard;
			sourceTree = "<group>";
		};
/* End PBXVariantGroup section */

/* Begin XCBuildConfiguration section */
		A5654518216D35BE000A191A /* Debug */ = {
			isa = XCBuildConfiguration;
			buildSettings = {
				ALWAYS_SEARCH_USER_PATHS = NO;
				CLANG_ANALYZER_NONNULL = YES;
				CLANG_ANALYZER_NUMBER_OBJECT_CONVERSION = YES_AGGRESSIVE;
				CLANG_CXX_LANGUAGE_STANDARD = "gnu++14";
				CLANG_CXX_LIBRARY = "libc++";
				CLANG_ENABLE_MODULES = YES;
				CLANG_ENABLE_OBJC_ARC = YES;
				CLANG_ENABLE_OBJC_WEAK = YES;
				CLANG_WARN_BLOCK_CAPTURE_AUTORELEASING = YES;
				CLANG_WARN_BOOL_CONVERSION = YES;
				CLANG_WARN_COMMA = YES;
				CLANG_WARN_CONSTANT_CONVERSION = YES;
				CLANG_WARN_DEPRECATED_OBJC_IMPLEMENTATIONS = YES;
				CLANG_WARN_DIRECT_OBJC_ISA_USAGE = YES_ERROR;
				CLANG_WARN_DOCUMENTATION_COMMENTS = YES;
				CLANG_WARN_EMPTY_BODY = YES;
				CLANG_WARN_ENUM_CONVERSION = YES;
				CLANG_WARN_INFINITE_RECURSION = YES;
				CLANG_WARN_INT_CONVERSION = YES;
				CLANG_WARN_NON_LITERAL_NULL_CONVERSION = YES;
				CLANG_WARN_OBJC_IMPLICIT_RETAIN_SELF = YES;
				CLANG_WARN_OBJC_LITERAL_CONVERSION = YES;
				CLANG_WARN_OBJC_ROOT_CLASS = YES_ERROR;
				CLANG_WARN_QUOTED_INCLUDE_IN_FRAMEWORK_HEADER = YES;
				CLANG_WARN_RANGE_LOOP_ANALYSIS = YES;
				CLANG_WARN_STRICT_PROTOTYPES = YES;
				CLANG_WARN_SUSPICIOUS_MOVE = YES;
				CLANG_WARN_UNGUARDED_AVAILABILITY = YES_AGGRESSIVE;
				CLANG_WARN_UNREACHABLE_CODE = YES;
				CLANG_WARN__DUPLICATE_METHOD_MATCH = YES;
				CODE_SIGN_IDENTITY = "iPhone Developer";
				COPY_PHASE_STRIP = NO;
				DEBUG_INFORMATION_FORMAT = dwarf;
				ENABLE_STRICT_OBJC_MSGSEND = YES;
				ENABLE_TESTABILITY = YES;
				GCC_C_LANGUAGE_STANDARD = gnu11;
				GCC_DYNAMIC_NO_PIC = NO;
				GCC_NO_COMMON_BLOCKS = YES;
				GCC_OPTIMIZATION_LEVEL = 0;
				GCC_PREPROCESSOR_DEFINITIONS = (
					"DEBUG=1",
					"$(inherited)",
				);
				GCC_WARN_64_TO_32_BIT_CONVERSION = YES;
				GCC_WARN_ABOUT_RETURN_TYPE = YES_ERROR;
				GCC_WARN_UNDECLARED_SELECTOR = YES;
				GCC_WARN_UNINITIALIZED_AUTOS = YES_AGGRESSIVE;
				GCC_WARN_UNUSED_FUNCTION = YES;
				GCC_WARN_UNUSED_VARIABLE = YES;
				IPHONEOS_DEPLOYMENT_TARGET = 12.0;
				MTL_ENABLE_DEBUG_INFO = INCLUDE_SOURCE;
				MTL_FAST_MATH = YES;
				ONLY_ACTIVE_ARCH = YES;
				SDKROOT = iphoneos;
				SWIFT_ACTIVE_COMPILATION_CONDITIONS = DEBUG;
				SWIFT_OPTIMIZATION_LEVEL = "-Onone";
			};
			name = Debug;
		};
		A5654519216D35BE000A191A /* Release */ = {
			isa = XCBuildConfiguration;
			buildSettings = {
				ALWAYS_SEARCH_USER_PATHS = NO;
				CLANG_ANALYZER_NONNULL = YES;
				CLANG_ANALYZER_NUMBER_OBJECT_CONVERSION = YES_AGGRESSIVE;
				CLANG_CXX_LANGUAGE_STANDARD = "gnu++14";
				CLANG_CXX_LIBRARY = "libc++";
				CLANG_ENABLE_MODULES = YES;
				CLANG_ENABLE_OBJC_ARC = YES;
				CLANG_ENABLE_OBJC_WEAK = YES;
				CLANG_WARN_BLOCK_CAPTURE_AUTORELEASING = YES;
				CLANG_WARN_BOOL_CONVERSION = YES;
				CLANG_WARN_COMMA = YES;
				CLANG_WARN_CONSTANT_CONVERSION = YES;
				CLANG_WARN_DEPRECATED_OBJC_IMPLEMENTATIONS = YES;
				CLANG_WARN_DIRECT_OBJC_ISA_USAGE = YES_ERROR;
				CLANG_WARN_DOCUMENTATION_COMMENTS = YES;
				CLANG_WARN_EMPTY_BODY = YES;
				CLANG_WARN_ENUM_CONVERSION = YES;
				CLANG_WARN_INFINITE_RECURSION = YES;
				CLANG_WARN_INT_CONVERSION = YES;
				CLANG_WARN_NON_LITERAL_NULL_CONVERSION = YES;
				CLANG_WARN_OBJC_IMPLICIT_RETAIN_SELF = YES;
				CLANG_WARN_OBJC_LITERAL_CONVERSION = YES;
				CLANG_WARN_OBJC_ROOT_CLASS = YES_ERROR;
				CLANG_WARN_QUOTED_INCLUDE_IN_FRAMEWORK_HEADER = YES;
				CLANG_WARN_RANGE_LOOP_ANALYSIS = YES;
				CLANG_WARN_STRICT_PROTOTYPES = YES;
				CLANG_WARN_SUSPICIOUS_MOVE = YES;
				CLANG_WARN_UNGUARDED_AVAILABILITY = YES_AGGRESSIVE;
				CLANG_WARN_UNREACHABLE_CODE = YES;
				CLANG_WARN__DUPLICATE_METHOD_MATCH = YES;
				CODE_SIGN_IDENTITY = "iPhone Developer";
				COPY_PHASE_STRIP = NO;
				DEBUG_INFORMATION_FORMAT = "dwarf-with-dsym";
				ENABLE_NS_ASSERTIONS = NO;
				ENABLE_STRICT_OBJC_MSGSEND = YES;
				GCC_C_LANGUAGE_STANDARD = gnu11;
				GCC_NO_COMMON_BLOCKS = YES;
				GCC_WARN_64_TO_32_BIT_CONVERSION = YES;
				GCC_WARN_ABOUT_RETURN_TYPE = YES_ERROR;
				GCC_WARN_UNDECLARED_SELECTOR = YES;
				GCC_WARN_UNINITIALIZED_AUTOS = YES_AGGRESSIVE;
				GCC_WARN_UNUSED_FUNCTION = YES;
				GCC_WARN_UNUSED_VARIABLE = YES;
				IPHONEOS_DEPLOYMENT_TARGET = 12.0;
				MTL_ENABLE_DEBUG_INFO = NO;
				MTL_FAST_MATH = YES;
				SDKROOT = iphoneos;
				SWIFT_COMPILATION_MODE = wholemodule;
				SWIFT_OPTIMIZATION_LEVEL = "-O";
				VALIDATE_PRODUCT = YES;
			};
			name = Release;
		};
		A565451B216D35BE000A191A /* Debug */ = {
			isa = XCBuildConfiguration;
			buildSettings = {
				ASSETCATALOG_COMPILER_APPICON_NAME = AppIcon;
				CODE_SIGN_ENTITLEMENTS = FeedApp/FeedApp.entitlements;
				CODE_SIGN_STYLE = Automatic;
				DEVELOPMENT_TEAM = "";
				INFOPLIST_FILE = "$(SRCROOT)/FeedApp/Info.plist";
				LD_RUNPATH_SEARCH_PATHS = (
					"$(inherited)",
					"@executable_path/Frameworks",
				);
				PRODUCT_BUNDLE_IDENTIFIER = ru.swift.FeedApp;
				PRODUCT_NAME = "$(TARGET_NAME)";
				SWIFT_VERSION = 5.0;
				TARGETED_DEVICE_FAMILY = 1;
			};
			name = Debug;
		};
		A565451C216D35BE000A191A /* Release */ = {
			isa = XCBuildConfiguration;
			buildSettings = {
				ASSETCATALOG_COMPILER_APPICON_NAME = AppIcon;
				CODE_SIGN_ENTITLEMENTS = FeedApp/FeedApp.entitlements;
				CODE_SIGN_STYLE = Automatic;
				DEVELOPMENT_TEAM = "";
				INFOPLIST_FILE = "$(SRCROOT)/FeedApp/Info.plist";
				LD_RUNPATH_SEARCH_PATHS = (
					"$(inherited)",
					"@executable_path/Frameworks",
				);
				PRODUCT_BUNDLE_IDENTIFIER = ru.swift.FeedApp;
				PRODUCT_NAME = "$(TARGET_NAME)";
				SWIFT_VERSION = 5.0;
				TARGETED_DEVICE_FAMILY = 1;
			};
			name = Release;
		};
/* End XCBuildConfiguration section */

/* Begin XCConfigurationList section */
		A5654503216D35BE000A191A /* Build configuration list for PBXProject "FeedApp" */ = {
			isa = XCConfigurationList;
			buildConfigurations = (
				A5654518216D35BE000A191A /* Debug */,
				A5654519216D35BE000A191A /* Release */,
			);
			defaultConfigurationIsVisible = 0;
			defaultConfigurationName = Release;
		};
		A565451A216D35BE000A191A /* Build configuration list for PBXNativeTarget "FeedApp" */ = {
			isa = XCConfigurationList;
			buildConfigurations = (
				A565451B216D35BE000A191A /* Debug */,
				A565451C216D35BE000A191A /* Release */,
			);
			defaultConfigurationIsVisible = 0;
			defaultConfigurationName = Release;
		};
/* End XCConfigurationList section */
	};
	rootObject = A5654500216D35BE000A191A /* Project object */;
}
